PODS:
  - YYCache (1.0.4)
  - YYImage (1.0.4):
    - YYImage/Core (= 1.0.4)
  - YYImage/Core (1.0.4)
  - YYWebImage (1.0.4):
    - YYCache
    - YYImage

DEPENDENCIES:
  - YYWebImage (from `https://github.com/raozhizhen/YYWebImage.git`, commit `90f78df032d6861202aa9ad4930bface46b28655`)

EXTERNAL SOURCES:
  YYWebImage:
    :commit: 90f78df032d6861202aa9ad4930bface46b28655
    :git: https://github.com/raozhizhen/YYWebImage.git

CHECKOUT OPTIONS:
  YYWebImage:
    :commit: 90f78df032d6861202aa9ad4930bface46b28655
    :git: https://github.com/raozhizhen/YYWebImage.git

SPEC CHECKSUMS:
  YYCache: 8105b6638f5e849296c71f331ff83891a4942952
  YYImage: 1e1b62a9997399593e4b9c4ecfbbabbf1d3f3b54
  YYWebImage: 0431ed108e104527669b86f75efd58958425cca2

PODFILE CHECKSUM: f603475a9bffa13e4adf6e56a4be3c954ca8113e

COCOAPODS: 1.0.1
